// !$*UTF8*$!
{
	archiveVersion = 1;
	classes = {
	};
	objectVersion = 50;
	objects = {

/* Begin PBXBuildFile section */
		D22C70FD22C766550077FBFA /* AppDelegate.swift in Sources */ = {isa = PBXBuildFile; fileRef = D22C70FC22C766550077FBFA /* AppDelegate.swift */; };
		D22C70FF22C766550077FBFA /* ViewController.swift in Sources */ = {isa = PBXBuildFile; fileRef = D22C70FE22C766550077FBFA /* ViewController.swift */; };
		D22C710222C766550077FBFA /* Main.storyboard in Resources */ = {isa = PBXBuildFile; fileRef = D22C710022C766550077FBFA /* Main.storyboard */; };
		D22C710522C766550077FBFA /* test.xcdatamodeld in Sources */ = {isa = PBXBuildFile; fileRef = D22C710322C766550077FBFA /* test.xcdatamodeld */; };
		D22C710722C766590077FBFA /* Assets.xcassets in Resources */ = {isa = PBXBuildFile; fileRef = D22C710622C766590077FBFA /* Assets.xcassets */; };
		D22C710A22C766590077FBFA /* LaunchScreen.storyboard in Resources */ = {isa = PBXBuildFile; fileRef = D22C710822C766590077FBFA /* LaunchScreen.storyboard */; };
		D22C711522C766590077FBFA /* testTests.swift in Sources */ = {isa = PBXBuildFile; fileRef = D22C711422C766590077FBFA /* testTests.swift */; };
		D22C712022C766590077FBFA /* testUITests.swift in Sources */ = {isa = PBXBuildFile; fileRef = D22C711F22C766590077FBFA /* testUITests.swift */; };
/* End PBXBuildFile section */

/* Begin PBXContainerItemProxy section */
		D22C711122C766590077FBFA /* PBXContainerItemProxy */ = {
			isa = PBXContainerItemProxy;
			containerPortal = D22C70F122C766550077FBFA /* Project object */;
			proxyType = 1;
			remoteGlobalIDString = D22C70F822C766550077FBFA;
			remoteInfo = test;
		};
		D22C711C22C766590077FBFA /* PBXContainerItemProxy */ = {
			isa = PBXContainerItemProxy;
			containerPortal = D22C70F122C766550077FBFA /* Project object */;
			proxyType = 1;
			remoteGlobalIDString = D22C70F822C766550077FBFA;
			remoteInfo = test;
		};
/* End PBXContainerItemProxy section */

/* Begin PBXFileReference section */
		D22C70F922C766550077FBFA /* test.app */ = {isa = PBXFileReference; explicitFileType = wrapper.application; includeInIndex = 0; path = test.app; sourceTree = BUILT_PRODUCTS_DIR; };
		D22C70FC22C766550077FBFA /* AppDelegate.swift */ = {isa = PBXFileReference; lastKnownFileType = sourcecode.swift; path = AppDelegate.swift; sourceTree = "<group>"; };
		D22C70FE22C766550077FBFA /* ViewController.swift */ = {isa = PBXFileReference; lastKnownFileType = sourcecode.swift; path = ViewController.swift; sourceTree = "<group>"; };
		D22C710122C766550077FBFA /* Base */ = {isa = PBXFileReference; lastKnownFileType = file.storyboard; name = Base; path = Base.lproj/Main.storyboard; sourceTree = "<group>"; };
		D22C710422C766550077FBFA /* test.xcdatamodel */ = {isa = PBXFileReference; lastKnownFileType = wrapper.xcdatamodel; path = test.xcdatamodel; sourceTree = "<group>"; };
		D22C710622C766590077FBFA /* Assets.xcassets */ = {isa = PBXFileReference; lastKnownFileType = folder.assetcatalog; path = Assets.xcassets; sourceTree = "<group>"; };
		D22C710922C766590077FBFA /* Base */ = {isa = PBXFileReference; lastKnownFileType = file.storyboard; name = Base; path = Base.lproj/LaunchScreen.storyboard; sourceTree = "<group>"; };
		D22C710B22C766590077FBFA /* Info.plist */ = {isa = PBXFileReference; lastKnownFileType = text.plist.xml; path = Info.plist; sourceTree = "<group>"; };
		D22C711022C766590077FBFA /* testTests.xctest */ = {isa = PBXFileReference; explicitFileType = wrapper.cfbundle; includeInIndex = 0; path = testTests.xctest; sourceTree = BUILT_PRODUCTS_DIR; };
		D22C711422C766590077FBFA /* testTests.swift */ = {isa = PBXFileReference; lastKnownFileType = sourcecode.swift; path = testTests.swift; sourceTree = "<group>"; };
		D22C711622C766590077FBFA /* Info.plist */ = {isa = PBXFileReference; lastKnownFileType = text.plist.xml; path = Info.plist; sourceTree = "<group>"; };
		D22C711B22C766590077FBFA /* testUITests.xctest */ = {isa = PBXFileReference; explicitFileType = wrapper.cfbundle; includeInIndex = 0; path = testUITests.xctest; sourceTree = BUILT_PRODUCTS_DIR; };
		D22C711F22C766590077FBFA /* testUITests.swift */ = {isa = PBXFileReference; lastKnownFileType = sourcecode.swift; path = testUITests.swift; sourceTree = "<group>"; };
		D22C712122C766590077FBFA /* Info.plist */ = {isa = PBXFileReference; lastKnownFileType = text.plist.xml; path = Info.plist; sourceTree = "<group>"; };
/* End PBXFileReference section */

/* Begin PBXFrameworksBuildPhase section */
		D22C70F622C766550077FBFA /* Frameworks */ = {
			isa = PBXFrameworksBuildPhase;
			buildActionMask = 2147483647;
			files = (
			);
			runOnlyForDeploymentPostprocessing = 0;
		};
		D22C710D22C766590077FBFA /* Frameworks */ = {
			isa = PBXFrameworksBuildPhase;
			buildActionMask = 2147483647;
			files = (
			);
			runOnlyForDeploymentPostprocessing = 0;
		};
		D22C711822C766590077FBFA /* Frameworks */ = {
			isa = PBXFrameworksBuildPhase;
			buildActionMask = 2147483647;
			files = (
			);
			runOnlyForDeploymentPostprocessing = 0;
		};
/* End PBXFrameworksBuildPhase section */

/* Begin PBXGroup section */
		D22C70F022C766550077FBFA = {
			isa = PBXGroup;
			children = (
				D22C70FB22C766550077FBFA /* test */,
				D22C711322C766590077FBFA /* testTests */,
				D22C711E22C766590077FBFA /* testUITests */,
				D22C70FA22C766550077FBFA /* Products */,
			);
			sourceTree = "<group>";
		};
		D22C70FA22C766550077FBFA /* Products */ = {
			isa = PBXGroup;
			children = (
				D22C70F922C766550077FBFA /* test.app */,
				D22C711022C766590077FBFA /* testTests.xctest */,
				D22C711B22C766590077FBFA /* testUITests.xctest */,
			);
			name = Products;
			sourceTree = "<group>";
		};
		D22C70FB22C766550077FBFA /* test */ = {
			isa = PBXGroup;
			children = (
				D22C70FC22C766550077FBFA /* AppDelegate.swift */,
				D22C70FE22C766550077FBFA /* ViewController.swift */,
				D22C710022C766550077FBFA /* Main.storyboard */,
				D22C710622C766590077FBFA /* Assets.xcassets */,
				D22C710822C766590077FBFA /* LaunchScreen.storyboard */,
				D22C710B22C766590077FBFA /* Info.plist */,
				D22C710322C766550077FBFA /* test.xcdatamodeld */,
			);
			path = test;
			sourceTree = "<group>";
		};
		D22C711322C766590077FBFA /* testTests */ = {
			isa = PBXGroup;
			children = (
				D22C711422C766590077FBFA /* testTests.swift */,
				D22C711622C766590077FBFA /* Info.plist */,
			);
			path = testTests;
			sourceTree = "<group>";
		};
		D22C711E22C766590077FBFA /* testUITests */ = {
			isa = PBXGroup;
			children = (
				D22C711F22C766590077FBFA /* testUITests.swift */,
				D22C712122C766590077FBFA /* Info.plist */,
			);
			path = testUITests;
			sourceTree = "<group>";
		};
/* End PBXGroup section */

/* Begin PBXNativeTarget section */
		D22C70F822C766550077FBFA /* test */ = {
			isa = PBXNativeTarget;
			buildConfigurationList = D22C712422C766590077FBFA /* Build configuration list for PBXNativeTarget "test" */;
			buildPhases = (
				D22C70F522C766550077FBFA /* Sources */,
				D22C70F622C766550077FBFA /* Frameworks */,
				D22C70F722C766550077FBFA /* Resources */,
			);
			buildRules = (
			);
			dependencies = (
			);
			name = test;
			productName = test;
			productReference = D22C70F922C766550077FBFA /* test.app */;
			productType = "com.apple.product-type.application";
		};
		D22C710F22C766590077FBFA /* testTests */ = {
			isa = PBXNativeTarget;
			buildConfigurationList = D22C712722C766590077FBFA /* Build configuration list for PBXNativeTarget "testTests" */;
			buildPhases = (
				D22C710C22C766590077FBFA /* Sources */,
				D22C710D22C766590077FBFA /* Frameworks */,
				D22C710E22C766590077FBFA /* Resources */,
			);
			buildRules = (
			);
			dependencies = (
				D22C711222C766590077FBFA /* PBXTargetDependency */,
			);
			name = testTests;
			productName = testTests;
			productReference = D22C711022C766590077FBFA /* testTests.xctest */;
			productType = "com.apple.product-type.bundle.unit-test";
		};
		D22C711A22C766590077FBFA /* testUITests */ = {
			isa = PBXNativeTarget;
			buildConfigurationList = D22C712A22C766590077FBFA /* Build configuration list for PBXNativeTarget "testUITests" */;
			buildPhases = (
				D22C711722C766590077FBFA /* Sources */,
				D22C711822C766590077FBFA /* Frameworks */,
				D22C711922C766590077FBFA /* Resources */,
			);
			buildRules = (
			);
			dependencies = (
				D22C711D22C766590077FBFA /* PBXTargetDependency */,
			);
			name = testUITests;
			productName = testUITests;
			productReference = D22C711B22C766590077FBFA /* testUITests.xctest */;
			productType = "com.apple.product-type.bundle.ui-testing";
		};
/* End PBXNativeTarget section */

/* Begin PBXProject section */
		D22C70F122C766550077FBFA /* Project object */ = {
			isa = PBXProject;
			attributes = {
				LastSwiftUpdateCheck = 1020;
				LastUpgradeCheck = 1020;
				ORGANIZATIONNAME = "Shirish Vispute";
				TargetAttributes = {
					D22C70F822C766550077FBFA = {
						CreatedOnToolsVersion = 10.2.1;
					};
					D22C710F22C766590077FBFA = {
						CreatedOnToolsVersion = 10.2.1;
						TestTargetID = D22C70F822C766550077FBFA;
					};
					D22C711A22C766590077FBFA = {
						CreatedOnToolsVersion = 10.2.1;
						TestTargetID = D22C70F822C766550077FBFA;
					};
				};
			};
			buildConfigurationList = D22C70F422C766550077FBFA /* Build configuration list for PBXProject "test" */;
			compatibilityVersion = "Xcode 9.3";
			developmentRegion = en;
			hasScannedForEncodings = 0;
			knownRegions = (
				en,
				Base,
			);
			mainGroup = D22C70F022C766550077FBFA;
			productRefGroup = D22C70FA22C766550077FBFA /* Products */;
			projectDirPath = "";
			projectRoot = "";
			targets = (
				D22C70F822C766550077FBFA /* test */,
				D22C710F22C766590077FBFA /* testTests */,
				D22C711A22C766590077FBFA /* testUITests */,
			);
		};
/* End PBXProject section */

/* Begin PBXResourcesBuildPhase section */
		D22C70F722C766550077FBFA /* Resources */ = {
			isa = PBXResourcesBuildPhase;
			buildActionMask = 2147483647;
			files = (
				D22C710A22C766590077FBFA /* LaunchScreen.storyboard in Resources */,
				D22C710722C766590077FBFA /* Assets.xcassets in Resources */,
				D22C710222C766550077FBFA /* Main.storyboard in Resources */,
			);
			runOnlyForDeploymentPostprocessing = 0;
		};
		D22C710E22C766590077FBFA /* Resources */ = {
			isa = PBXResourcesBuildPhase;
			buildActionMask = 2147483647;
			files = (
			);
			runOnlyForDeploymentPostprocessing = 0;
		};
		D22C711922C766590077FBFA /* Resources */ = {
			isa = PBXResourcesBuildPhase;
			buildActionMask = 2147483647;
			files = (
			);
			runOnlyForDeploymentPostprocessing = 0;
		};
/* End PBXResourcesBuildPhase section */

/* Begin PBXSourcesBuildPhase section */
		D22C70F522C766550077FBFA /* Sources */ = {
			isa = PBXSourcesBuildPhase;
			buildActionMask = 2147483647;
			files = (
				D22C70FF22C766550077FBFA /* ViewController.swift in Sources */,
				D22C70FD22C766550077FBFA /* AppDelegate.swift in Sources */,
				D22C710522C766550077FBFA /* test.xcdatamodeld in Sources */,
			);
			runOnlyForDeploymentPostprocessing = 0;
		};
		D22C710C22C766590077FBFA /* Sources */ = {
			isa = PBXSourcesBuildPhase;
			buildActionMask = 2147483647;
			files = (
				D22C711522C766590077FBFA /* testTests.swift in Sources */,
			);
			runOnlyForDeploymentPostprocessing = 0;
		};
		D22C711722C766590077FBFA /* Sources */ = {
			isa = PBXSourcesBuildPhase;
			buildActionMask = 2147483647;
			files = (
				D22C712022C766590077FBFA /* testUITests.swift in Sources */,
			);
			runOnlyForDeploymentPostprocessing = 0;
		};
/* End PBXSourcesBuildPhase section */

/* Begin PBXTargetDependency section */
		D22C711222C766590077FBFA /* PBXTargetDependency */ = {
			isa = PBXTargetDependency;
			target = D22C70F822C766550077FBFA /* test */;
			targetProxy = D22C711122C766590077FBFA /* PBXContainerItemProxy */;
		};
		D22C711D22C766590077FBFA /* PBXTargetDependency */ = {
			isa = PBXTargetDependency;
			target = D22C70F822C766550077FBFA /* test */;
			targetProxy = D22C711C22C766590077FBFA /* PBXContainerItemProxy */;
		};
/* End PBXTargetDependency section */

/* Begin PBXVariantGroup section */
		D22C710022C766550077FBFA /* Main.storyboard */ = {
			isa = PBXVariantGroup;
			children = (
				D22C710122C766550077FBFA /* Base */,
			);
			name = Main.storyboard;
			sourceTree = "<group>";
		};
		D22C710822C766590077FBFA /* LaunchScreen.storyboard */ = {
			isa = PBXVariantGroup;
			children = (
				D22C710922C766590077FBFA /* Base */,
			);
			name = LaunchScreen.storyboard;
			sourceTree = "<group>";
		};
/* End PBXVariantGroup section */

/* Begin XCBuildConfiguration section */
		D22C712222C766590077FBFA /* Debug */ = {
			isa = XCBuildConfiguration;
			buildSettings = {
				ALWAYS_SEARCH_USER_PATHS = NO;
				CLANG_ANALYZER_NONNULL = YES;
				CLANG_ANALYZER_NUMBER_OBJECT_CONVERSION = YES_AGGRESSIVE;
				CLANG_CXX_LANGUAGE_STANDARD = "gnu++14";
				CLANG_CXX_LIBRARY = "libc++";
				CLANG_ENABLE_MODULES = YES;
				CLANG_ENABLE_OBJC_ARC = YES;
				CLANG_ENABLE_OBJC_WEAK = YES;
				CLANG_WARN_BLOCK_CAPTURE_AUTORELEASING = YES;
				CLANG_WARN_BOOL_CONVERSION = YES;
				CLANG_WARN_COMMA = YES;
				CLANG_WARN_CONSTANT_CONVERSION = YES;
				CLANG_WARN_DEPRECATED_OBJC_IMPLEMENTATIONS = YES;
				CLANG_WARN_DIRECT_OBJC_ISA_USAGE = YES_ERROR;
				CLANG_WARN_DOCUMENTATION_COMMENTS = YES;
				CLANG_WARN_EMPTY_BODY = YES;
				CLANG_WARN_ENUM_CONVERSION = YES;
				CLANG_WARN_INFINITE_RECURSION = YES;
				CLANG_WARN_INT_CONVERSION = YES;
				CLANG_WARN_NON_LITERAL_NULL_CONVERSION = YES;
				CLANG_WARN_OBJC_IMPLICIT_RETAIN_SELF = YES;
				CLANG_WARN_OBJC_LITERAL_CONVERSION = YES;
				CLANG_WARN_OBJC_ROOT_CLASS = YES_ERROR;
				CLANG_WARN_RANGE_LOOP_ANALYSIS = YES;
				CLANG_WARN_STRICT_PROTOTYPES = YES;
				CLANG_WARN_SUSPICIOUS_MOVE = YES;
				CLANG_WARN_UNGUARDED_AVAILABILITY = YES_AGGRESSIVE;
				CLANG_WARN_UNREACHABLE_CODE = YES;
				CLANG_WARN__DUPLICATE_METHOD_MATCH = YES;
				CODE_SIGN_IDENTITY = "iPhone Developer";
				COPY_PHASE_STRIP = NO;
				DEBUG_INFORMATION_FORMAT = dwarf;
				ENABLE_STRICT_OBJC_MSGSEND = YES;
				ENABLE_TESTABILITY = YES;
				GCC_C_LANGUAGE_STANDARD = gnu11;
				GCC_DYNAMIC_NO_PIC = NO;
				GCC_NO_COMMON_BLOCKS = YES;
				GCC_OPTIMIZATION_LEVEL = 0;
				GCC_PREPROCESSOR_DEFINITIONS = (
					"DEBUG=1",
					"$(inherited)",
				);
				GCC_WARN_64_TO_32_BIT_CONVERSION = YES;
				GCC_WARN_ABOUT_RETURN_TYPE = YES_ERROR;
				GCC_WARN_UNDECLARED_SELECTOR = YES;
				GCC_WARN_UNINITIALIZED_AUTOS = YES_AGGRESSIVE;
				GCC_WARN_UNUSED_FUNCTION = YES;
				GCC_WARN_UNUSED_VARIABLE = YES;
				IPHONEOS_DEPLOYMENT_TARGET = 12.2;
				MTL_ENABLE_DEBUG_INFO = INCLUDE_SOURCE;
				MTL_FAST_MATH = YES;
				ONLY_ACTIVE_ARCH = YES;
				SDKROOT = iphoneos;
				SWIFT_ACTIVE_COMPILATION_CONDITIONS = DEBUG;
				SWIFT_OPTIMIZATION_LEVEL = "-Onone";
			};
			name = Debug;
		};
		D22C712322C766590077FBFA /* Release */ = {
			isa = XCBuildConfiguration;
			buildSettings = {
				ALWAYS_SEARCH_USER_PATHS = NO;
				CLANG_ANALYZER_NONNULL = YES;
				CLANG_ANALYZER_NUMBER_OBJECT_CONVERSION = YES_AGGRESSIVE;
				CLANG_CXX_LANGUAGE_STANDARD = "gnu++14";
				CLANG_CXX_LIBRARY = "libc++";
				CLANG_ENABLE_MODULES = YES;
				CLANG_ENABLE_OBJC_ARC = YES;
				CLANG_ENABLE_OBJC_WEAK = YES;
				CLANG_WARN_BLOCK_CAPTURE_AUTORELEASING = YES;
				CLANG_WARN_BOOL_CONVERSION = YES;
				CLANG_WARN_COMMA = YES;
				CLANG_WARN_CONSTANT_CONVERSION = YES;
				CLANG_WARN_DEPRECATED_OBJC_IMPLEMENTATIONS = YES;
				CLANG_WARN_DIRECT_OBJC_ISA_USAGE = YES_ERROR;
				CLANG_WARN_DOCUMENTATION_COMMENTS = YES;
				CLANG_WARN_EMPTY_BODY = YES;
				CLANG_WARN_ENUM_CONVERSION = YES;
				CLANG_WARN_INFINITE_RECURSION = YES;
				CLANG_WARN_INT_CONVERSION = YES;
				CLANG_WARN_NON_LITERAL_NULL_CONVERSION = YES;
				CLANG_WARN_OBJC_IMPLICIT_RETAIN_SELF = YES;
				CLANG_WARN_OBJC_LITERAL_CONVERSION = YES;
				CLANG_WARN_OBJC_ROOT_CLASS = YES_ERROR;
				CLANG_WARN_RANGE_LOOP_ANALYSIS = YES;
				CLANG_WARN_STRICT_PROTOTYPES = YES;
				CLANG_WARN_SUSPICIOUS_MOVE = YES;
				CLANG_WARN_UNGUARDED_AVAILABILITY = YES_AGGRESSIVE;
				CLANG_WARN_UNREACHABLE_CODE = YES;
				CLANG_WARN__DUPLICATE_METHOD_MATCH = YES;
				CODE_SIGN_IDENTITY = "iPhone Developer";
				COPY_PHASE_STRIP = NO;
				DEBUG_INFORMATION_FORMAT = "dwarf-with-dsym";
				ENABLE_NS_ASSERTIONS = NO;
				ENABLE_STRICT_OBJC_MSGSEND = YES;
				GCC_C_LANGUAGE_STANDARD = gnu11;
				GCC_NO_COMMON_BLOCKS = YES;
				GCC_WARN_64_TO_32_BIT_CONVERSION = YES;
				GCC_WARN_ABOUT_RETURN_TYPE = YES_ERROR;
				GCC_WARN_UNDECLARED_SELECTOR = YES;
				GCC_WARN_UNINITIALIZED_AUTOS = YES_AGGRESSIVE;
				GCC_WARN_UNUSED_FUNCTION = YES;
				GCC_WARN_UNUSED_VARIABLE = YES;
				IPHONEOS_DEPLOYMENT_TARGET = 12.2;
				MTL_ENABLE_DEBUG_INFO = NO;
				MTL_FAST_MATH = YES;
				SDKROOT = iphoneos;
				SWIFT_COMPILATION_MODE = wholemodule;
				SWIFT_OPTIMIZATION_LEVEL = "-O";
				VALIDATE_PRODUCT = YES;
			};
			name = Release;
		};
		D22C712522C766590077FBFA /* Debug */ = {
			isa = XCBuildConfiguration;
			buildSettings = {
				ASSETCATALOG_COMPILER_APPICON_NAME = AppIcon;
				CODE_SIGN_STYLE = Automatic;
				DEVELOPMENT_TEAM = 44CL6YCUR8;
				INFOPLIST_FILE = test/Info.plist;
				LD_RUNPATH_SEARCH_PATHS = (
					"$(inherited)",
					"@executable_path/Frameworks",
				);
				PRODUCT_BUNDLE_IDENTIFIER = com.bitware.test;
				PRODUCT_NAME = "$(TARGET_NAME)";
				SWIFT_VERSION = 5.0;
				TARGETED_DEVICE_FAMILY = "1,2";
			};
			name = Debug;
		};
		D22C712622C766590077FBFA /* Release */ = {
			isa = XCBuildConfiguration;
			buildSettings = {
				ASSETCATALOG_COMPILER_APPICON_NAME = AppIcon;
				CODE_SIGN_STYLE = Automatic;
				DEVELOPMENT_TEAM = 44CL6YCUR8;
				INFOPLIST_FILE = test/Info.plist;
				LD_RUNPATH_SEARCH_PATHS = (
					"$(inherited)",
					"@executable_path/Frameworks",
				);
				PRODUCT_BUNDLE_IDENTIFIER = com.bitware.test;
				PRODUCT_NAME = "$(TARGET_NAME)";
				SWIFT_VERSION = 5.0;
				TARGETED_DEVICE_FAMILY = "1,2";
			};
			name = Release;
		};
		D22C712822C766590077FBFA /* Debug */ = {
			isa = XCBuildConfiguration;
			buildSettings = {
				ALWAYS_EMBED_SWIFT_STANDARD_LIBRARIES = YES;
				BUNDLE_LOADER = "$(TEST_HOST)";
				CODE_SIGN_STYLE = Automatic;
				DEVELOPMENT_TEAM = 44CL6YCUR8;
				INFOPLIST_FILE = testTests/Info.plist;
				LD_RUNPATH_SEARCH_PATHS = (
					"$(inherited)",
					"@executable_path/Frameworks",
					"@loader_path/Frameworks",
				);
				PRODUCT_BUNDLE_IDENTIFIER = com.bitware.testTests;
				PRODUCT_NAME = "$(TARGET_NAME)";
				SWIFT_VERSION = 5.0;
				TARGETED_DEVICE_FAMILY = "1,2";
				TEST_HOST = "$(BUILT_PRODUCTS_DIR)/test.app/test";
			};
			name = Debug;
		};
		D22C712922C766590077FBFA /* Release */ = {
			isa = XCBuildConfiguration;
			buildSettings = {
				ALWAYS_EMBED_SWIFT_STANDARD_LIBRARIES = YES;
				BUNDLE_LOADER = "$(TEST_HOST)";
				CODE_SIGN_STYLE = Automatic;
				DEVELOPMENT_TEAM = 44CL6YCUR8;
				INFOPLIST_FILE = testTests/Info.plist;
				LD_RUNPATH_SEARCH_PATHS = (
					"$(inherited)",
					"@executable_path/Frameworks",
					"@loader_path/Frameworks",
				);
				PRODUCT_BUNDLE_IDENTIFIER = com.bitware.testTests;
				PRODUCT_NAME = "$(TARGET_NAME)";
				SWIFT_VERSION = 5.0;
				TARGETED_DEVICE_FAMILY = "1,2";
				TEST_HOST = "$(BUILT_PRODUCTS_DIR)/test.app/test";
			};
			name = Release;
		};
		D22C712B22C766590077FBFA /* Debug */ = {
			isa = XCBuildConfiguration;
			buildSettings = {
				ALWAYS_EMBED_SWIFT_STANDARD_LIBRARIES = YES;
				CODE_SIGN_STYLE = Automatic;
				DEVELOPMENT_TEAM = 44CL6YCUR8;
				INFOPLIST_FILE = testUITests/Info.plist;
				LD_RUNPATH_SEARCH_PATHS = (
					"$(inherited)",
					"@executable_path/Frameworks",
					"@loader_path/Frameworks",
				);
				PRODUCT_BUNDLE_IDENTIFIER = com.bitware.testUITests;
				PRODUCT_NAME = "$(TARGET_NAME)";
				SWIFT_VERSION = 5.0;
				TARGETED_DEVICE_FAMILY = "1,2";
				TEST_TARGET_NAME = test;
			};
			name = Debug;
		};
		D22C712C22C766590077FBFA /* Release */ = {
			isa = XCBuildConfiguration;
			buildSettings = {
				ALWAYS_EMBED_SWIFT_STANDARD_LIBRARIES = YES;
				CODE_SIGN_STYLE = Automatic;
				DEVELOPMENT_TEAM = 44CL6YCUR8;
				INFOPLIST_FILE = testUITests/Info.plist;
				LD_RUNPATH_SEARCH_PATHS = (
					"$(inherited)",
					"@executable_path/Frameworks",
					"@loader_path/Frameworks",
				);
				PRODUCT_BUNDLE_IDENTIFIER = com.bitware.testUITests;
				PRODUCT_NAME = "$(TARGET_NAME)";
				SWIFT_VERSION = 5.0;
				TARGETED_DEVICE_FAMILY = "1,2";
				TEST_TARGET_NAME = test;
			};
			name = Release;
		};
/* End XCBuildConfiguration section */

/* Begin XCConfigurationList section */
		D22C70F422C766550077FBFA /* Build configuration list for PBXProject "test" */ = {
			isa = XCConfigurationList;
			buildConfigurations = (
				D22C712222C766590077FBFA /* Debug */,
				D22C712322C766590077FBFA /* Release */,
			);
			defaultConfigurationIsVisible = 0;
			defaultConfigurationName = Release;
		};
		D22C712422C766590077FBFA /* Build configuration list for PBXNativeTarget "test" */ = {
			isa = XCConfigurationList;
			buildConfigurations = (
				D22C712522C766590077FBFA /* Debug */,
				D22C712622C766590077FBFA /* Release */,
			);
			defaultConfigurationIsVisible = 0;
			defaultConfigurationName = Release;
		};
		D22C712722C766590077FBFA /* Build configuration list for PBXNativeTarget "testTests" */ = {
			isa = XCConfigurationList;
			buildConfigurations = (
				D22C712822C766590077FBFA /* Debug */,
				D22C712922C766590077FBFA /* Release */,
			);
			defaultConfigurationIsVisible = 0;
			defaultConfigurationName = Release;
		};
		D22C712A22C766590077FBFA /* Build configuration list for PBXNativeTarget "testUITests" */ = {
			isa = XCConfigurationList;
			buildConfigurations = (
				D22C712B22C766590077FBFA /* Debug */,
				D22C712C22C766590077FBFA /* Release */,
			);
			defaultConfigurationIsVisible = 0;
			defaultConfigurationName = Release;
		};
/* End XCConfigurationList section */

/* Begin XCVersionGroup section */
		D22C710322C766550077FBFA /* test.xcdatamodeld */ = {
			isa = XCVersionGroup;
			children = (
				D22C710422C766550077FBFA /* test.xcdatamodel */,
			);
			currentVersion = D22C710422C766550077FBFA /* test.xcdatamodel */;
			path = test.xcdatamodeld;
			sourceTree = "<group>";
			versionGroupType = wrapper.xcdatamodel;
		};
/* End XCVersionGroup section */
	};
	rootObject = D22C70F122C766550077FBFA /* Project object */;
}
